// !$*UTF8*$!
{
	archiveVersion = 1;
	classes = {
	};
	objectVersion = 46;
	objects = {

/* Begin PBXBuildFile section */
		3CB00D3F9BA30A85E29F5B22 /* Pods_tum.framework in Frameworks */ = {isa = PBXBuildFile; fileRef = 53D2B700310A6EB2479F8FF2 /* Pods_tum.framework */; };
		82766A4ABB8F5F15CFE93175 /* Pods_tumUITests.framework in Frameworks */ = {isa = PBXBuildFile; fileRef = C6EC1B87D87974735505A0ED /* Pods_tumUITests.framework */; };
		849161A314C61805E30B8D62 /* Pods_tumTests.framework in Frameworks */ = {isa = PBXBuildFile; fileRef = C07BA761262C494BBBD9F1B8 /* Pods_tumTests.framework */; };
		AB7CC8D71DB3EB71005EEE5A /* AppDelegate.swift in Sources */ = {isa = PBXBuildFile; fileRef = AB7CC8D61DB3EB71005EEE5A /* AppDelegate.swift */; };
		AB7CC8D91DB3EB71005EEE5A /* PhotosViewController.swift in Sources */ = {isa = PBXBuildFile; fileRef = AB7CC8D81DB3EB71005EEE5A /* PhotosViewController.swift */; };
		AB7CC8DC1DB3EB71005EEE5A /* Main.storyboard in Resources */ = {isa = PBXBuildFile; fileRef = AB7CC8DA1DB3EB71005EEE5A /* Main.storyboard */; };
		AB7CC8DE1DB3EB71005EEE5A /* Assets.xcassets in Resources */ = {isa = PBXBuildFile; fileRef = AB7CC8DD1DB3EB71005EEE5A /* Assets.xcassets */; };
		AB7CC8E11DB3EB71005EEE5A /* LaunchScreen.storyboard in Resources */ = {isa = PBXBuildFile; fileRef = AB7CC8DF1DB3EB71005EEE5A /* LaunchScreen.storyboard */; };
		AB7CC8EC1DB3EB72005EEE5A /* tumTests.swift in Sources */ = {isa = PBXBuildFile; fileRef = AB7CC8EB1DB3EB72005EEE5A /* tumTests.swift */; };
		AB7CC8F71DB3EB72005EEE5A /* tumUITests.swift in Sources */ = {isa = PBXBuildFile; fileRef = AB7CC8F61DB3EB72005EEE5A /* tumUITests.swift */; };
		AB7CC9051DB3ECE9005EEE5A /* PhotoCell.swift in Sources */ = {isa = PBXBuildFile; fileRef = AB7CC9041DB3ECE9005EEE5A /* PhotoCell.swift */; };
		AB7CC9071DB3ED9C005EEE5A /* PhotoDetailsViewController.swift in Sources */ = {isa = PBXBuildFile; fileRef = AB7CC9061DB3ED9C005EEE5A /* PhotoDetailsViewController.swift */; };
/* End PBXBuildFile section */

/* Begin PBXContainerItemProxy section */
		AB7CC8E81DB3EB72005EEE5A /* PBXContainerItemProxy */ = {
			isa = PBXContainerItemProxy;
			containerPortal = AB7CC8CB1DB3EB71005EEE5A /* Project object */;
			proxyType = 1;
			remoteGlobalIDString = AB7CC8D21DB3EB71005EEE5A;
			remoteInfo = tum;
		};
		AB7CC8F31DB3EB72005EEE5A /* PBXContainerItemProxy */ = {
			isa = PBXContainerItemProxy;
			containerPortal = AB7CC8CB1DB3EB71005EEE5A /* Project object */;
			proxyType = 1;
			remoteGlobalIDString = AB7CC8D21DB3EB71005EEE5A;
			remoteInfo = tum;
		};
/* End PBXContainerItemProxy section */

/* Begin PBXFileReference section */
		229227F7F074D04B4612CCE1 /* Pods-tumTests.release.xcconfig */ = {isa = PBXFileReference; includeInIndex = 1; lastKnownFileType = text.xcconfig; name = "Pods-tumTests.release.xcconfig"; path = "Pods/Target Support Files/Pods-tumTests/Pods-tumTests.release.xcconfig"; sourceTree = "<group>"; };
		24F6643673EA2B9633D637C6 /* Pods-tumUITests.debug.xcconfig */ = {isa = PBXFileReference; includeInIndex = 1; lastKnownFileType = text.xcconfig; name = "Pods-tumUITests.debug.xcconfig"; path = "Pods/Target Support Files/Pods-tumUITests/Pods-tumUITests.debug.xcconfig"; sourceTree = "<group>"; };
		53D2B700310A6EB2479F8FF2 /* Pods_tum.framework */ = {isa = PBXFileReference; explicitFileType = wrapper.framework; includeInIndex = 0; path = Pods_tum.framework; sourceTree = BUILT_PRODUCTS_DIR; };
		5DB4131261A740974E685065 /* Pods-tum.debug.xcconfig */ = {isa = PBXFileReference; includeInIndex = 1; lastKnownFileType = text.xcconfig; name = "Pods-tum.debug.xcconfig"; path = "Pods/Target Support Files/Pods-tum/Pods-tum.debug.xcconfig"; sourceTree = "<group>"; };
		652D403FF4FA8B7212793991 /* Pods-tumTests.debug.xcconfig */ = {isa = PBXFileReference; includeInIndex = 1; lastKnownFileType = text.xcconfig; name = "Pods-tumTests.debug.xcconfig"; path = "Pods/Target Support Files/Pods-tumTests/Pods-tumTests.debug.xcconfig"; sourceTree = "<group>"; };
		AB7CC8D31DB3EB71005EEE5A /* tum.app */ = {isa = PBXFileReference; explicitFileType = wrapper.application; includeInIndex = 0; path = tum.app; sourceTree = BUILT_PRODUCTS_DIR; };
		AB7CC8D61DB3EB71005EEE5A /* AppDelegate.swift */ = {isa = PBXFileReference; lastKnownFileType = sourcecode.swift; path = AppDelegate.swift; sourceTree = "<group>"; };
		AB7CC8D81DB3EB71005EEE5A /* PhotosViewController.swift */ = {isa = PBXFileReference; lastKnownFileType = sourcecode.swift; path = PhotosViewController.swift; sourceTree = "<group>"; };
		AB7CC8DB1DB3EB71005EEE5A /* Base */ = {isa = PBXFileReference; lastKnownFileType = file.storyboard; name = Base; path = Base.lproj/Main.storyboard; sourceTree = "<group>"; };
		AB7CC8DD1DB3EB71005EEE5A /* Assets.xcassets */ = {isa = PBXFileReference; lastKnownFileType = folder.assetcatalog; path = Assets.xcassets; sourceTree = "<group>"; };
		AB7CC8E01DB3EB71005EEE5A /* Base */ = {isa = PBXFileReference; lastKnownFileType = file.storyboard; name = Base; path = Base.lproj/LaunchScreen.storyboard; sourceTree = "<group>"; };
		AB7CC8E21DB3EB71005EEE5A /* Info.plist */ = {isa = PBXFileReference; lastKnownFileType = text.plist.xml; path = Info.plist; sourceTree = "<group>"; };
		AB7CC8E71DB3EB72005EEE5A /* tumTests.xctest */ = {isa = PBXFileReference; explicitFileType = wrapper.cfbundle; includeInIndex = 0; path = tumTests.xctest; sourceTree = BUILT_PRODUCTS_DIR; };
		AB7CC8EB1DB3EB72005EEE5A /* tumTests.swift */ = {isa = PBXFileReference; lastKnownFileType = sourcecode.swift; path = tumTests.swift; sourceTree = "<group>"; };
		AB7CC8ED1DB3EB72005EEE5A /* Info.plist */ = {isa = PBXFileReference; lastKnownFileType = text.plist.xml; path = Info.plist; sourceTree = "<group>"; };
		AB7CC8F21DB3EB72005EEE5A /* tumUITests.xctest */ = {isa = PBXFileReference; explicitFileType = wrapper.cfbundle; includeInIndex = 0; path = tumUITests.xctest; sourceTree = BUILT_PRODUCTS_DIR; };
		AB7CC8F61DB3EB72005EEE5A /* tumUITests.swift */ = {isa = PBXFileReference; lastKnownFileType = sourcecode.swift; path = tumUITests.swift; sourceTree = "<group>"; };
		AB7CC8F81DB3EB72005EEE5A /* Info.plist */ = {isa = PBXFileReference; lastKnownFileType = text.plist.xml; path = Info.plist; sourceTree = "<group>"; };
		AB7CC9041DB3ECE9005EEE5A /* PhotoCell.swift */ = {isa = PBXFileReference; fileEncoding = 4; lastKnownFileType = sourcecode.swift; path = PhotoCell.swift; sourceTree = "<group>"; };
		AB7CC9061DB3ED9C005EEE5A /* PhotoDetailsViewController.swift */ = {isa = PBXFileReference; fileEncoding = 4; lastKnownFileType = sourcecode.swift; path = PhotoDetailsViewController.swift; sourceTree = "<group>"; };
		C07BA761262C494BBBD9F1B8 /* Pods_tumTests.framework */ = {isa = PBXFileReference; explicitFileType = wrapper.framework; includeInIndex = 0; path = Pods_tumTests.framework; sourceTree = BUILT_PRODUCTS_DIR; };
		C6EC1B87D87974735505A0ED /* Pods_tumUITests.framework */ = {isa = PBXFileReference; explicitFileType = wrapper.framework; includeInIndex = 0; path = Pods_tumUITests.framework; sourceTree = BUILT_PRODUCTS_DIR; };
		D720E42743803A608137D340 /* Pods-tum.release.xcconfig */ = {isa = PBXFileReference; includeInIndex = 1; lastKnownFileType = text.xcconfig; name = "Pods-tum.release.xcconfig"; path = "Pods/Target Support Files/Pods-tum/Pods-tum.release.xcconfig"; sourceTree = "<group>"; };
		DAEDBB441336484FA81C7DA5 /* Pods-tumUITests.release.xcconfig */ = {isa = PBXFileReference; includeInIndex = 1; lastKnownFileType = text.xcconfig; name = "Pods-tumUITests.release.xcconfig"; path = "Pods/Target Support Files/Pods-tumUITests/Pods-tumUITests.release.xcconfig"; sourceTree = "<group>"; };
/* End PBXFileReference section */

/* Begin PBXFrameworksBuildPhase section */
		AB7CC8D01DB3EB71005EEE5A /* Frameworks */ = {
			isa = PBXFrameworksBuildPhase;
			buildActionMask = 2147483647;
			files = (
				3CB00D3F9BA30A85E29F5B22 /* Pods_tum.framework in Frameworks */,
			);
			runOnlyForDeploymentPostprocessing = 0;
		};
		AB7CC8E41DB3EB72005EEE5A /* Frameworks */ = {
			isa = PBXFrameworksBuildPhase;
			buildActionMask = 2147483647;
			files = (
				849161A314C61805E30B8D62 /* Pods_tumTests.framework in Frameworks */,
			);
			runOnlyForDeploymentPostprocessing = 0;
		};
		AB7CC8EF1DB3EB72005EEE5A /* Frameworks */ = {
			isa = PBXFrameworksBuildPhase;
			buildActionMask = 2147483647;
			files = (
				82766A4ABB8F5F15CFE93175 /* Pods_tumUITests.framework in Frameworks */,
			);
			runOnlyForDeploymentPostprocessing = 0;
		};
/* End PBXFrameworksBuildPhase section */

/* Begin PBXGroup section */
		6800576916A260623DADA6F2 /* Frameworks */ = {
			isa = PBXGroup;
			children = (
				53D2B700310A6EB2479F8FF2 /* Pods_tum.framework */,
				C07BA761262C494BBBD9F1B8 /* Pods_tumTests.framework */,
				C6EC1B87D87974735505A0ED /* Pods_tumUITests.framework */,
			);
			name = Frameworks;
			sourceTree = "<group>";
		};
		AB7CC8CA1DB3EB71005EEE5A = {
			isa = PBXGroup;
			children = (
				AB7CC8D51DB3EB71005EEE5A /* tum */,
				AB7CC8EA1DB3EB72005EEE5A /* tumTests */,
				AB7CC8F51DB3EB72005EEE5A /* tumUITests */,
				AB7CC8D41DB3EB71005EEE5A /* Products */,
				C41503009087424CABE8A741 /* Pods */,
				6800576916A260623DADA6F2 /* Frameworks */,
			);
			sourceTree = "<group>";
		};
		AB7CC8D41DB3EB71005EEE5A /* Products */ = {
			isa = PBXGroup;
			children = (
				AB7CC8D31DB3EB71005EEE5A /* tum.app */,
				AB7CC8E71DB3EB72005EEE5A /* tumTests.xctest */,
				AB7CC8F21DB3EB72005EEE5A /* tumUITests.xctest */,
			);
			name = Products;
			sourceTree = "<group>";
		};
		AB7CC8D51DB3EB71005EEE5A /* tum */ = {
			isa = PBXGroup;
			children = (
				AB7CC8D61DB3EB71005EEE5A /* AppDelegate.swift */,
				AB7CC8D81DB3EB71005EEE5A /* PhotosViewController.swift */,
				AB7CC8DA1DB3EB71005EEE5A /* Main.storyboard */,
				AB7CC9061DB3ED9C005EEE5A /* PhotoDetailsViewController.swift */,
				AB7CC9041DB3ECE9005EEE5A /* PhotoCell.swift */,
				AB7CC8DD1DB3EB71005EEE5A /* Assets.xcassets */,
				AB7CC8DF1DB3EB71005EEE5A /* LaunchScreen.storyboard */,
				AB7CC8E21DB3EB71005EEE5A /* Info.plist */,
			);
			path = tum;
			sourceTree = "<group>";
		};
		AB7CC8EA1DB3EB72005EEE5A /* tumTests */ = {
			isa = PBXGroup;
			children = (
				AB7CC8EB1DB3EB72005EEE5A /* tumTests.swift */,
				AB7CC8ED1DB3EB72005EEE5A /* Info.plist */,
			);
			path = tumTests;
			sourceTree = "<group>";
		};
		AB7CC8F51DB3EB72005EEE5A /* tumUITests */ = {
			isa = PBXGroup;
			children = (
				AB7CC8F61DB3EB72005EEE5A /* tumUITests.swift */,
				AB7CC8F81DB3EB72005EEE5A /* Info.plist */,
			);
			path = tumUITests;
			sourceTree = "<group>";
		};
		C41503009087424CABE8A741 /* Pods */ = {
			isa = PBXGroup;
			children = (
				5DB4131261A740974E685065 /* Pods-tum.debug.xcconfig */,
				D720E42743803A608137D340 /* Pods-tum.release.xcconfig */,
				652D403FF4FA8B7212793991 /* Pods-tumTests.debug.xcconfig */,
				229227F7F074D04B4612CCE1 /* Pods-tumTests.release.xcconfig */,
				24F6643673EA2B9633D637C6 /* Pods-tumUITests.debug.xcconfig */,
				DAEDBB441336484FA81C7DA5 /* Pods-tumUITests.release.xcconfig */,
			);
			name = Pods;
			sourceTree = "<group>";
		};
/* End PBXGroup section */

/* Begin PBXNativeTarget section */
		AB7CC8D21DB3EB71005EEE5A /* tum */ = {
			isa = PBXNativeTarget;
			buildConfigurationList = AB7CC8FB1DB3EB72005EEE5A /* Build configuration list for PBXNativeTarget "tum" */;
			buildPhases = (
				A705A2FC68C190E4BF7D6D7D /* [CP] Check Pods Manifest.lock */,
				AB7CC8CF1DB3EB71005EEE5A /* Sources */,
				AB7CC8D01DB3EB71005EEE5A /* Frameworks */,
				AB7CC8D11DB3EB71005EEE5A /* Resources */,
				DDEFE2BBA67F9BC12F3D4513 /* [CP] Embed Pods Frameworks */,
				CAEB320D3FA1BFD8825C3C68 /* [CP] Copy Pods Resources */,
			);
			buildRules = (
			);
			dependencies = (
			);
			name = tum;
			productName = tum;
			productReference = AB7CC8D31DB3EB71005EEE5A /* tum.app */;
			productType = "com.apple.product-type.application";
		};
		AB7CC8E61DB3EB72005EEE5A /* tumTests */ = {
			isa = PBXNativeTarget;
			buildConfigurationList = AB7CC8FE1DB3EB72005EEE5A /* Build configuration list for PBXNativeTarget "tumTests" */;
			buildPhases = (
				B9DECCA69C27BAD433962AC9 /* [CP] Check Pods Manifest.lock */,
				AB7CC8E31DB3EB72005EEE5A /* Sources */,
				AB7CC8E41DB3EB72005EEE5A /* Frameworks */,
				AB7CC8E51DB3EB72005EEE5A /* Resources */,
				6A9E3983C801627C7F75FD2B /* [CP] Embed Pods Frameworks */,
				3F8BAF75D263E2521D4640C0 /* [CP] Copy Pods Resources */,
			);
			buildRules = (
			);
			dependencies = (
				AB7CC8E91DB3EB72005EEE5A /* PBXTargetDependency */,
			);
			name = tumTests;
			productName = tumTests;
			productReference = AB7CC8E71DB3EB72005EEE5A /* tumTests.xctest */;
			productType = "com.apple.product-type.bundle.unit-test";
		};
		AB7CC8F11DB3EB72005EEE5A /* tumUITests */ = {
			isa = PBXNativeTarget;
			buildConfigurationList = AB7CC9011DB3EB72005EEE5A /* Build configuration list for PBXNativeTarget "tumUITests" */;
			buildPhases = (
				71A101E61E9CCE0C6FBCE2CD /* [CP] Check Pods Manifest.lock */,
				AB7CC8EE1DB3EB72005EEE5A /* Sources */,
				AB7CC8EF1DB3EB72005EEE5A /* Frameworks */,
				AB7CC8F01DB3EB72005EEE5A /* Resources */,
				31CD4519F89CB247B929A541 /* [CP] Copy Pods Resources */,
			);
			buildRules = (
			);
			dependencies = (
				AB7CC8F41DB3EB72005EEE5A /* PBXTargetDependency */,
			);
			name = tumUITests;
			productName = tumUITests;
			productReference = AB7CC8F21DB3EB72005EEE5A /* tumUITests.xctest */;
			productType = "com.apple.product-type.bundle.ui-testing";
		};
/* End PBXNativeTarget section */

/* Begin PBXProject section */
		AB7CC8CB1DB3EB71005EEE5A /* Project object */ = {
			isa = PBXProject;
			attributes = {
				LastSwiftUpdateCheck = 0800;
				LastUpgradeCheck = 0800;
				ORGANIZATIONNAME = "Prachie Banthia";
				TargetAttributes = {
					AB7CC8D21DB3EB71005EEE5A = {
						CreatedOnToolsVersion = 8.0;
						ProvisioningStyle = Automatic;
					};
					AB7CC8E61DB3EB72005EEE5A = {
						CreatedOnToolsVersion = 8.0;
						ProvisioningStyle = Automatic;
						TestTargetID = AB7CC8D21DB3EB71005EEE5A;
					};
					AB7CC8F11DB3EB72005EEE5A = {
						CreatedOnToolsVersion = 8.0;
						ProvisioningStyle = Automatic;
						TestTargetID = AB7CC8D21DB3EB71005EEE5A;
					};
				};
			};
			buildConfigurationList = AB7CC8CE1DB3EB71005EEE5A /* Build configuration list for PBXProject "tum" */;
			compatibilityVersion = "Xcode 3.2";
			developmentRegion = English;
			hasScannedForEncodings = 0;
			knownRegions = (
				en,
				Base,
			);
			mainGroup = AB7CC8CA1DB3EB71005EEE5A;
			productRefGroup = AB7CC8D41DB3EB71005EEE5A /* Products */;
			projectDirPath = "";
			projectRoot = "";
			targets = (
				AB7CC8D21DB3EB71005EEE5A /* tum */,
				AB7CC8E61DB3EB72005EEE5A /* tumTests */,
				AB7CC8F11DB3EB72005EEE5A /* tumUITests */,
			);
		};
/* End PBXProject section */

/* Begin PBXResourcesBuildPhase section */
		AB7CC8D11DB3EB71005EEE5A /* Resources */ = {
			isa = PBXResourcesBuildPhase;
			buildActionMask = 2147483647;
			files = (
				AB7CC8E11DB3EB71005EEE5A /* LaunchScreen.storyboard in Resources */,
				AB7CC8DE1DB3EB71005EEE5A /* Assets.xcassets in Resources */,
				AB7CC8DC1DB3EB71005EEE5A /* Main.storyboard in Resources */,
			);
			runOnlyForDeploymentPostprocessing = 0;
		};
		AB7CC8E51DB3EB72005EEE5A /* Resources */ = {
			isa = PBXResourcesBuildPhase;
			buildActionMask = 2147483647;
			files = (
			);
			runOnlyForDeploymentPostprocessing = 0;
		};
		AB7CC8F01DB3EB72005EEE5A /* Resources */ = {
			isa = PBXResourcesBuildPhase;
			buildActionMask = 2147483647;
			files = (
			);
			runOnlyForDeploymentPostprocessing = 0;
		};
/* End PBXResourcesBuildPhase section */

/* Begin PBXShellScriptBuildPhase section */
		31CD4519F89CB247B929A541 /* [CP] Copy Pods Resources */ = {
			isa = PBXShellScriptBuildPhase;
			buildActionMask = 2147483647;
			files = (
			);
			inputPaths = (
			);
			name = "[CP] Copy Pods Resources";
			outputPaths = (
			);
			runOnlyForDeploymentPostprocessing = 0;
			shellPath = /bin/sh;
			shellScript = "\"${SRCROOT}/Pods/Target Support Files/Pods-tumUITests/Pods-tumUITests-resources.sh\"\n";
			showEnvVarsInLog = 0;
		};
		3F8BAF75D263E2521D4640C0 /* [CP] Copy Pods Resources */ = {
			isa = PBXShellScriptBuildPhase;
			buildActionMask = 2147483647;
			files = (
			);
			inputPaths = (
			);
			name = "[CP] Copy Pods Resources";
			outputPaths = (
			);
			runOnlyForDeploymentPostprocessing = 0;
			shellPath = /bin/sh;
			shellScript = "\"${SRCROOT}/Pods/Target Support Files/Pods-tumTests/Pods-tumTests-resources.sh\"\n";
			showEnvVarsInLog = 0;
		};
		6A9E3983C801627C7F75FD2B /* [CP] Embed Pods Frameworks */ = {
			isa = PBXShellScriptBuildPhase;
			buildActionMask = 2147483647;
			files = (
			);
			inputPaths = (
			);
			name = "[CP] Embed Pods Frameworks";
			outputPaths = (
			);
			runOnlyForDeploymentPostprocessing = 0;
			shellPath = /bin/sh;
			shellScript = "\"${SRCROOT}/Pods/Target Support Files/Pods-tumTests/Pods-tumTests-frameworks.sh\"\n";
			showEnvVarsInLog = 0;
		};
		71A101E61E9CCE0C6FBCE2CD /* [CP] Check Pods Manifest.lock */ = {
			isa = PBXShellScriptBuildPhase;
			buildActionMask = 2147483647;
			files = (
			);
			inputPaths = (
			);
			name = "[CP] Check Pods Manifest.lock";
			outputPaths = (
			);
			runOnlyForDeploymentPostprocessing = 0;
			shellPath = /bin/sh;
			shellScript = "diff \"${PODS_ROOT}/../Podfile.lock\" \"${PODS_ROOT}/Manifest.lock\" > /dev/null\nif [[ $? != 0 ]] ; then\n    cat << EOM\nerror: The sandbox is not in sync with the Podfile.lock. Run 'pod install' or update your CocoaPods installation.\nEOM\n    exit 1\nfi\n";
			showEnvVarsInLog = 0;
		};
		A705A2FC68C190E4BF7D6D7D /* [CP] Check Pods Manifest.lock */ = {
			isa = PBXShellScriptBuildPhase;
			buildActionMask = 2147483647;
			files = (
			);
			inputPaths = (
			);
			name = "[CP] Check Pods Manifest.lock";
			outputPaths = (
			);
			runOnlyForDeploymentPostprocessing = 0;
			shellPath = /bin/sh;
			shellScript = "diff \"${PODS_ROOT}/../Podfile.lock\" \"${PODS_ROOT}/Manifest.lock\" > /dev/null\nif [[ $? != 0 ]] ; then\n    cat << EOM\nerror: The sandbox is not in sync with the Podfile.lock. Run 'pod install' or update your CocoaPods installation.\nEOM\n    exit 1\nfi\n";
			showEnvVarsInLog = 0;
		};
		B9DECCA69C27BAD433962AC9 /* [CP] Check Pods Manifest.lock */ = {
			isa = PBXShellScriptBuildPhase;
			buildActionMask = 2147483647;
			files = (
			);
			inputPaths = (
			);
			name = "[CP] Check Pods Manifest.lock";
			outputPaths = (
			);
			runOnlyForDeploymentPostprocessing = 0;
			shellPath = /bin/sh;
			shellScript = "diff \"${PODS_ROOT}/../Podfile.lock\" \"${PODS_ROOT}/Manifest.lock\" > /dev/null\nif [[ $? != 0 ]] ; then\n    cat << EOM\nerror: The sandbox is not in sync with the Podfile.lock. Run 'pod install' or update your CocoaPods installation.\nEOM\n    exit 1\nfi\n";
			showEnvVarsInLog = 0;
		};
		CAEB320D3FA1BFD8825C3C68 /* [CP] Copy Pods Resources */ = {
			isa = PBXShellScriptBuildPhase;
			buildActionMask = 2147483647;
			files = (
			);
			inputPaths = (
			);
			name = "[CP] Copy Pods Resources";
			outputPaths = (
			);
			runOnlyForDeploymentPostprocessing = 0;
			shellPath = /bin/sh;
			shellScript = "\"${SRCROOT}/Pods/Target Support Files/Pods-tum/Pods-tum-resources.sh\"\n";
			showEnvVarsInLog = 0;
		};
		DDEFE2BBA67F9BC12F3D4513 /* [CP] Embed Pods Frameworks */ = {
			isa = PBXShellScriptBuildPhase;
			buildActionMask = 2147483647;
			files = (
			);
			inputPaths = (
			);
			name = "[CP] Embed Pods Frameworks";
			outputPaths = (
			);
			runOnlyForDeploymentPostprocessing = 0;
			shellPath = /bin/sh;
			shellScript = "\"${SRCROOT}/Pods/Target Support Files/Pods-tum/Pods-tum-frameworks.sh\"\n";
			showEnvVarsInLog = 0;
		};
/* End PBXShellScriptBuildPhase section */

/* Begin PBXSourcesBuildPhase section */
		AB7CC8CF1DB3EB71005EEE5A /* Sources */ = {
			isa = PBXSourcesBuildPhase;
			buildActionMask = 2147483647;
			files = (
				AB7CC9071DB3ED9C005EEE5A /* PhotoDetailsViewController.swift in Sources */,
				AB7CC8D91DB3EB71005EEE5A /* PhotosViewController.swift in Sources */,
				AB7CC9051DB3ECE9005EEE5A /* PhotoCell.swift in Sources */,
				AB7CC8D71DB3EB71005EEE5A /* AppDelegate.swift in Sources */,
			);
			runOnlyForDeploymentPostprocessing = 0;
		};
		AB7CC8E31DB3EB72005EEE5A /* Sources */ = {
			isa = PBXSourcesBuildPhase;
			buildActionMask = 2147483647;
			files = (
				AB7CC8EC1DB3EB72005EEE5A /* tumTests.swift in Sources */,
			);
			runOnlyForDeploymentPostprocessing = 0;
		};
		AB7CC8EE1DB3EB72005EEE5A /* Sources */ = {
			isa = PBXSourcesBuildPhase;
			buildActionMask = 2147483647;
			files = (
				AB7CC8F71DB3EB72005EEE5A /* tumUITests.swift in Sources */,
			);
			runOnlyForDeploymentPostprocessing = 0;
		};
/* End PBXSourcesBuildPhase section */

/* Begin PBXTargetDependency section */
		AB7CC8E91DB3EB72005EEE5A /* PBXTargetDependency */ = {
			isa = PBXTargetDependency;
			target = AB7CC8D21DB3EB71005EEE5A /* tum */;
			targetProxy = AB7CC8E81DB3EB72005EEE5A /* PBXContainerItemProxy */;
		};
		AB7CC8F41DB3EB72005EEE5A /* PBXTargetDependency */ = {
			isa = PBXTargetDependency;
			target = AB7CC8D21DB3EB71005EEE5A /* tum */;
			targetProxy = AB7CC8F31DB3EB72005EEE5A /* PBXContainerItemProxy */;
		};
/* End PBXTargetDependency section */

/* Begin PBXVariantGroup section */
		AB7CC8DA1DB3EB71005EEE5A /* Main.storyboard */ = {
			isa = PBXVariantGroup;
			children = (
				AB7CC8DB1DB3EB71005EEE5A /* Base */,
			);
			name = Main.storyboard;
			sourceTree = "<group>";
		};
		AB7CC8DF1DB3EB71005EEE5A /* LaunchScreen.storyboard */ = {
			isa = PBXVariantGroup;
			children = (
				AB7CC8E01DB3EB71005EEE5A /* Base */,
			);
			name = LaunchScreen.storyboard;
			sourceTree = "<group>";
		};
/* End PBXVariantGroup section */

/* Begin XCBuildConfiguration section */
		AB7CC8F91DB3EB72005EEE5A /* Debug */ = {
			isa = XCBuildConfiguration;
			buildSettings = {
				ALWAYS_SEARCH_USER_PATHS = NO;
				CLANG_ANALYZER_NONNULL = YES;
				CLANG_CXX_LANGUAGE_STANDARD = "gnu++0x";
				CLANG_CXX_LIBRARY = "libc++";
				CLANG_ENABLE_MODULES = YES;
				CLANG_ENABLE_OBJC_ARC = YES;
				CLANG_WARN_BOOL_CONVERSION = YES;
				CLANG_WARN_CONSTANT_CONVERSION = YES;
				CLANG_WARN_DIRECT_OBJC_ISA_USAGE = YES_ERROR;
				CLANG_WARN_DOCUMENTATION_COMMENTS = YES;
				CLANG_WARN_EMPTY_BODY = YES;
				CLANG_WARN_ENUM_CONVERSION = YES;
				CLANG_WARN_INFINITE_RECURSION = YES;
				CLANG_WARN_INT_CONVERSION = YES;
				CLANG_WARN_OBJC_ROOT_CLASS = YES_ERROR;
				CLANG_WARN_SUSPICIOUS_MOVES = YES;
				CLANG_WARN_UNREACHABLE_CODE = YES;
				CLANG_WARN__DUPLICATE_METHOD_MATCH = YES;
				"CODE_SIGN_IDENTITY[sdk=iphoneos*]" = "iPhone Developer";
				COPY_PHASE_STRIP = NO;
				DEBUG_INFORMATION_FORMAT = dwarf;
				ENABLE_STRICT_OBJC_MSGSEND = YES;
				ENABLE_TESTABILITY = YES;
				GCC_C_LANGUAGE_STANDARD = gnu99;
				GCC_DYNAMIC_NO_PIC = NO;
				GCC_NO_COMMON_BLOCKS = YES;
				GCC_OPTIMIZATION_LEVEL = 0;
				GCC_PREPROCESSOR_DEFINITIONS = (
					"DEBUG=1",
					"$(inherited)",
				);
				GCC_WARN_64_TO_32_BIT_CONVERSION = YES;
				GCC_WARN_ABOUT_RETURN_TYPE = YES_ERROR;
				GCC_WARN_UNDECLARED_SELECTOR = YES;
				GCC_WARN_UNINITIALIZED_AUTOS = YES_AGGRESSIVE;
				GCC_WARN_UNUSED_FUNCTION = YES;
				GCC_WARN_UNUSED_VARIABLE = YES;
				IPHONEOS_DEPLOYMENT_TARGET = 10.0;
				MTL_ENABLE_DEBUG_INFO = YES;
				ONLY_ACTIVE_ARCH = YES;
				SDKROOT = iphoneos;
				SWIFT_ACTIVE_COMPILATION_CONDITIONS = DEBUG;
				SWIFT_OPTIMIZATION_LEVEL = "-Onone";
				TARGETED_DEVICE_FAMILY = "1,2";
			};
			name = Debug;
		};
		AB7CC8FA1DB3EB72005EEE5A /* Release */ = {
			isa = XCBuildConfiguration;
			buildSettings = {
				ALWAYS_SEARCH_USER_PATHS = NO;
				CLANG_ANALYZER_NONNULL = YES;
				CLANG_CXX_LANGUAGE_STANDARD = "gnu++0x";
				CLANG_CXX_LIBRARY = "libc++";
				CLANG_ENABLE_MODULES = YES;
				CLANG_ENABLE_OBJC_ARC = YES;
				CLANG_WARN_BOOL_CONVERSION = YES;
				CLANG_WARN_CONSTANT_CONVERSION = YES;
				CLANG_WARN_DIRECT_OBJC_ISA_USAGE = YES_ERROR;
				CLANG_WARN_DOCUMENTATION_COMMENTS = YES;
				CLANG_WARN_EMPTY_BODY = YES;
				CLANG_WARN_ENUM_CONVERSION = YES;
				CLANG_WARN_INFINITE_RECURSION = YES;
				CLANG_WARN_INT_CONVERSION = YES;
				CLANG_WARN_OBJC_ROOT_CLASS = YES_ERROR;
				CLANG_WARN_SUSPICIOUS_MOVES = YES;
				CLANG_WARN_UNREACHABLE_CODE = YES;
				CLANG_WARN__DUPLICATE_METHOD_MATCH = YES;
				"CODE_SIGN_IDENTITY[sdk=iphoneos*]" = "iPhone Developer";
				COPY_PHASE_STRIP = NO;
				DEBUG_INFORMATION_FORMAT = "dwarf-with-dsym";
				ENABLE_NS_ASSERTIONS = NO;
				ENABLE_STRICT_OBJC_MSGSEND = YES;
				GCC_C_LANGUAGE_STANDARD = gnu99;
				GCC_NO_COMMON_BLOCKS = YES;
				GCC_WARN_64_TO_32_BIT_CONVERSION = YES;
				GCC_WARN_ABOUT_RETURN_TYPE = YES_ERROR;
				GCC_WARN_UNDECLARED_SELECTOR = YES;
				GCC_WARN_UNINITIALIZED_AUTOS = YES_AGGRESSIVE;
				GCC_WARN_UNUSED_FUNCTION = YES;
				GCC_WARN_UNUSED_VARIABLE = YES;
				IPHONEOS_DEPLOYMENT_TARGET = 10.0;
				MTL_ENABLE_DEBUG_INFO = NO;
				SDKROOT = iphoneos;
				SWIFT_OPTIMIZATION_LEVEL = "-Owholemodule";
				TARGETED_DEVICE_FAMILY = "1,2";
				VALIDATE_PRODUCT = YES;
			};
			name = Release;
		};
		AB7CC8FC1DB3EB72005EEE5A /* Debug */ = {
			isa = XCBuildConfiguration;
			baseConfigurationReference = 5DB4131261A740974E685065 /* Pods-tum.debug.xcconfig */;
			buildSettings = {
				ASSETCATALOG_COMPILER_APPICON_NAME = AppIcon;
				INFOPLIST_FILE = tum/Info.plist;
				LD_RUNPATH_SEARCH_PATHS = "$(inherited) @executable_path/Frameworks";
				PRODUCT_BUNDLE_IDENTIFIER = prachie.tum;
				PRODUCT_NAME = "$(TARGET_NAME)";
				SWIFT_VERSION = 3.0;
			};
			name = Debug;
		};
		AB7CC8FD1DB3EB72005EEE5A /* Release */ = {
			isa = XCBuildConfiguration;
			baseConfigurationReference = D720E42743803A608137D340 /* Pods-tum.release.xcconfig */;
			buildSettings = {
				ASSETCATALOG_COMPILER_APPICON_NAME = AppIcon;
				INFOPLIST_FILE = tum/Info.plist;
				LD_RUNPATH_SEARCH_PATHS = "$(inherited) @executable_path/Frameworks";
				PRODUCT_BUNDLE_IDENTIFIER = prachie.tum;
				PRODUCT_NAME = "$(TARGET_NAME)";
				SWIFT_VERSION = 3.0;
			};
			name = Release;
		};
		AB7CC8FF1DB3EB72005EEE5A /* Debug */ = {
			isa = XCBuildConfiguration;
			baseConfigurationReference = 652D403FF4FA8B7212793991 /* Pods-tumTests.debug.xcconfig */;
			buildSettings = {
				ALWAYS_EMBED_SWIFT_STANDARD_LIBRARIES = YES;
				BUNDLE_LOADER = "$(TEST_HOST)";
				INFOPLIST_FILE = tumTests/Info.plist;
				LD_RUNPATH_SEARCH_PATHS = "$(inherited) @executable_path/Frameworks @loader_path/Frameworks";
				PRODUCT_BUNDLE_IDENTIFIER = prachie.tumTests;
				PRODUCT_NAME = "$(TARGET_NAME)";
				SWIFT_VERSION = 3.0;
				TEST_HOST = "$(BUILT_PRODUCTS_DIR)/tum.app/tum";
			};
			name = Debug;
		};
		AB7CC9001DB3EB72005EEE5A /* Release */ = {
			isa = XCBuildConfiguration;
			baseConfigurationReference = 229227F7F074D04B4612CCE1 /* Pods-tumTests.release.xcconfig */;
			buildSettings = {
				ALWAYS_EMBED_SWIFT_STANDARD_LIBRARIES = YES;
				BUNDLE_LOADER = "$(TEST_HOST)";
				INFOPLIST_FILE = tumTests/Info.plist;
				LD_RUNPATH_SEARCH_PATHS = "$(inherited) @executable_path/Frameworks @loader_path/Frameworks";
				PRODUCT_BUNDLE_IDENTIFIER = prachie.tumTests;
				PRODUCT_NAME = "$(TARGET_NAME)";
				SWIFT_VERSION = 3.0;
				TEST_HOST = "$(BUILT_PRODUCTS_DIR)/tum.app/tum";
			};
			name = Release;
		};
		AB7CC9021DB3EB72005EEE5A /* Debug */ = {
			isa = XCBuildConfiguration;
			baseConfigurationReference = 24F6643673EA2B9633D637C6 /* Pods-tumUITests.debug.xcconfig */;
			buildSettings = {
				ALWAYS_EMBED_SWIFT_STANDARD_LIBRARIES = YES;
				INFOPLIST_FILE = tumUITests/Info.plist;
				LD_RUNPATH_SEARCH_PATHS = "$(inherited) @executable_path/Frameworks @loader_path/Frameworks";
				PRODUCT_BUNDLE_IDENTIFIER = prachie.tumUITests;
				PRODUCT_NAME = "$(TARGET_NAME)";
				SWIFT_VERSION = 3.0;
				TEST_TARGET_NAME = tum;
			};
			name = Debug;
		};
		AB7CC9031DB3EB72005EEE5A /* Release */ = {
			isa = XCBuildConfiguration;
			baseConfigurationReference = DAEDBB441336484FA81C7DA5 /* Pods-tumUITests.release.xcconfig */;
			buildSettings = {
				ALWAYS_EMBED_SWIFT_STANDARD_LIBRARIES = YES;
				INFOPLIST_FILE = tumUITests/Info.plist;
				LD_RUNPATH_SEARCH_PATHS = "$(inherited) @executable_path/Frameworks @loader_path/Frameworks";
				PRODUCT_BUNDLE_IDENTIFIER = prachie.tumUITests;
				PRODUCT_NAME = "$(TARGET_NAME)";
				SWIFT_VERSION = 3.0;
				TEST_TARGET_NAME = tum;
			};
			name = Release;
		};
/* End XCBuildConfiguration section */

/* Begin XCConfigurationList section */
		AB7CC8CE1DB3EB71005EEE5A /* Build configuration list for PBXProject "tum" */ = {
			isa = XCConfigurationList;
			buildConfigurations = (
				AB7CC8F91DB3EB72005EEE5A /* Debug */,
				AB7CC8FA1DB3EB72005EEE5A /* Release */,
			);
			defaultConfigurationIsVisible = 0;
			defaultConfigurationName = Release;
		};
		AB7CC8FB1DB3EB72005EEE5A /* Build configuration list for PBXNativeTarget "tum" */ = {
			isa = XCConfigurationList;
			buildConfigurations = (
				AB7CC8FC1DB3EB72005EEE5A /* Debug */,
				AB7CC8FD1DB3EB72005EEE5A /* Release */,
			);
			defaultConfigurationIsVisible = 0;
			defaultConfigurationName = Release;
		};
		AB7CC8FE1DB3EB72005EEE5A /* Build configuration list for PBXNativeTarget "tumTests" */ = {
			isa = XCConfigurationList;
			buildConfigurations = (
				AB7CC8FF1DB3EB72005EEE5A /* Debug */,
				AB7CC9001DB3EB72005EEE5A /* Release */,
			);
			defaultConfigurationIsVisible = 0;
			defaultConfigurationName = Release;
		};
		AB7CC9011DB3EB72005EEE5A /* Build configuration list for PBXNativeTarget "tumUITests" */ = {
			isa = XCConfigurationList;
			buildConfigurations = (
				AB7CC9021DB3EB72005EEE5A /* Debug */,
				AB7CC9031DB3EB72005EEE5A /* Release */,
			);
			defaultConfigurationIsVisible = 0;
			defaultConfigurationName = Release;
		};
/* End XCConfigurationList section */
	};
	rootObject = AB7CC8CB1DB3EB71005EEE5A /* Project object */;
}
